
Microsoft Visual Studio Solution File, Format Version 12.00
# Visual Studio 14
VisualStudioVersion = 14.0.25420.1
MinimumVisualStudioVersion = 10.0.40219.1
Project("{8BC9CEB8-8B4A-11D0-8D11-00A0C91BC942}") = "FindMinimalK", "FindMinimalK\FindMinimalK.vcxproj", "{ED9C9B70-6F8D-4E32-8CD0-788CE41F17B3}"
EndProject
Project("{8BC9CEB8-8B4A-11D0-8D11-00A0C91BC942}") = "List", "链表操作\List.vcxproj", "{A1F52AF5-8D28-4E7F-BBAE-9A0CA46C2785}"
EndProject
Project("{8BC9CEB8-8B4A-11D0-8D11-00A0C91BC942}") = "Tree", "Tree\Tree.vcxproj", "{68604156-8C60-4D18-976F-B18C995EBF0B}"
EndProject
Project("{8BC9CEB8-8B4A-11D0-8D11-00A0C91BC942}") = "array_string_serial", "Array_string\array_string_serial\array_string_serial.vcxproj", "{6365F541-4A4A-4034-9086-95AF8BAE6490}"
EndProject
Project("{8BC9CEB8-8B4A-11D0-8D11-00A0C91BC942}") = "Sort", "排序集\Sort.vcxproj", "{8C75AC0A-2B4D-4942-8F60-E7A548667D99}"
EndProject
Project("{8BC9CEB8-8B4A-11D0-8D11-00A0C91BC942}") = "stackAndQueue", "stackAndQueue\stackAndQueue.vcxproj", "{533A8EC4-7D87-4604-B42B-486C80C35A7F}"
EndProject
Project("{8BC9CEB8-8B4A-11D0-8D11-00A0C91BC942}") = "MagnitudePole", "MagnitudePole\MagnitudePole.vcxproj", "{CE94F5A2-37C1-41E4-9372-26E4DC610FAE}"
EndProject
Global
	GlobalSection(SolutionConfigurationPlatforms) = preSolution
		Debug|x64 = Debug|x64
		Debug|x86 = Debug|x86
		Release|x64 = Release|x64
		Release|x86 = Release|x86
	EndGlobalSection
	GlobalSection(ProjectConfigurationPlatforms) = postSolution
		{ED9C9B70-6F8D-4E32-8CD0-788CE41F17B3}.Debug|x64.ActiveCfg = Debug|x64
		{ED9C9B70-6F8D-4E32-8CD0-788CE41F17B3}.Debug|x64.Build.0 = Debug|x64
		{ED9C9B70-6F8D-4E32-8CD0-788CE41F17B3}.Debug|x86.ActiveCfg = Debug|Win32
		{ED9C9B70-6F8D-4E32-8CD0-788CE41F17B3}.Debug|x86.Build.0 = Debug|Win32
		{ED9C9B70-6F8D-4E32-8CD0-788CE41F17B3}.Release|x64.ActiveCfg = Release|x64
		{ED9C9B70-6F8D-4E32-8CD0-788CE41F17B3}.Release|x64.Build.0 = Release|x64
		{ED9C9B70-6F8D-4E32-8CD0-788CE41F17B3}.Release|x86.ActiveCfg = Release|Win32
		{ED9C9B70-6F8D-4E32-8CD0-788CE41F17B3}.Release|x86.Build.0 = Release|Win32
		{A1F52AF5-8D28-4E7F-BBAE-9A0CA46C2785}.Debug|x64.ActiveCfg = Debug|Win32
		{A1F52AF5-8D28-4E7F-BBAE-9A0CA46C2785}.Debug|x86.ActiveCfg = Debug|Win32
		{A1F52AF5-8D28-4E7F-BBAE-9A0CA46C2785}.Debug|x86.Build.0 = Debug|Win32
		{A1F52AF5-8D28-4E7F-BBAE-9A0CA46C2785}.Release|x64.ActiveCfg = Release|Win32
		{A1F52AF5-8D28-4E7F-BBAE-9A0CA46C2785}.Release|x86.ActiveCfg = Release|Win32
		{A1F52AF5-8D28-4E7F-BBAE-9A0CA46C2785}.Release|x86.Build.0 = Release|Win32
		{68604156-8C60-4D18-976F-B18C995EBF0B}.Debug|x64.ActiveCfg = Debug|x64
		{68604156-8C60-4D18-976F-B18C995EBF0B}.Debug|x64.Build.0 = Debug|x64
		{68604156-8C60-4D18-976F-B18C995EBF0B}.Debug|x86.ActiveCfg = Debug|Win32
		{68604156-8C60-4D18-976F-B18C995EBF0B}.Debug|x86.Build.0 = Debug|Win32
		{68604156-8C60-4D18-976F-B18C995EBF0B}.Release|x64.ActiveCfg = Release|x64
		{68604156-8C60-4D18-976F-B18C995EBF0B}.Release|x64.Build.0 = Release|x64
		{68604156-8C60-4D18-976F-B18C995EBF0B}.Release|x86.ActiveCfg = Release|Win32
		{68604156-8C60-4D18-976F-B18C995EBF0B}.Release|x86.Build.0 = Release|Win32
		{6365F541-4A4A-4034-9086-95AF8BAE6490}.Debug|x64.ActiveCfg = Debug|x64
		{6365F541-4A4A-4034-9086-95AF8BAE6490}.Debug|x64.Build.0 = Debug|x64
		{6365F541-4A4A-4034-9086-95AF8BAE6490}.Debug|x86.ActiveCfg = Debug|Win32
		{6365F541-4A4A-4034-9086-95AF8BAE6490}.Debug|x86.Build.0 = Debug|Win32
		{6365F541-4A4A-4034-9086-95AF8BAE6490}.Release|x64.ActiveCfg = Release|x64
		{6365F541-4A4A-4034-9086-95AF8BAE6490}.Release|x64.Build.0 = Release|x64
		{6365F541-4A4A-4034-9086-95AF8BAE6490}.Release|x86.ActiveCfg = Release|Win32
		{6365F541-4A4A-4034-9086-95AF8BAE6490}.Release|x86.Build.0 = Release|Win32
		{8C75AC0A-2B4D-4942-8F60-E7A548667D99}.Debug|x64.ActiveCfg = Debug|Win32
		{8C75AC0A-2B4D-4942-8F60-E7A548667D99}.Debug|x86.ActiveCfg = Debug|Win32
		{8C75AC0A-2B4D-4942-8F60-E7A548667D99}.Debug|x86.Build.0 = Debug|Win32
		{8C75AC0A-2B4D-4942-8F60-E7A548667D99}.Release|x64.ActiveCfg = Release|Win32
		{8C75AC0A-2B4D-4942-8F60-E7A548667D99}.Release|x86.ActiveCfg = Release|Win32
		{8C75AC0A-2B4D-4942-8F60-E7A548667D99}.Release|x86.Build.0 = Release|Win32
		{533A8EC4-7D87-4604-B42B-486C80C35A7F}.Debug|x64.ActiveCfg = Debug|x64
		{533A8EC4-7D87-4604-B42B-486C80C35A7F}.Debug|x64.Build.0 = Debug|x64
		{533A8EC4-7D87-4604-B42B-486C80C35A7F}.Debug|x86.ActiveCfg = Debug|Win32
		{533A8EC4-7D87-4604-B42B-486C80C35A7F}.Debug|x86.Build.0 = Debug|Win32
		{533A8EC4-7D87-4604-B42B-486C80C35A7F}.Release|x64.ActiveCfg = Release|x64
		{533A8EC4-7D87-4604-B42B-486C80C35A7F}.Release|x64.Build.0 = Release|x64
		{533A8EC4-7D87-4604-B42B-486C80C35A7F}.Release|x86.ActiveCfg = Release|Win32
		{533A8EC4-7D87-4604-B42B-486C80C35A7F}.Release|x86.Build.0 = Release|Win32
		{CE94F5A2-37C1-41E4-9372-26E4DC610FAE}.Debug|x64.ActiveCfg = Debug|x64
		{CE94F5A2-37C1-41E4-9372-26E4DC610FAE}.Debug|x64.Build.0 = Debug|x64
		{CE94F5A2-37C1-41E4-9372-26E4DC610FAE}.Debug|x86.ActiveCfg = Debug|Win32
		{CE94F5A2-37C1-41E4-9372-26E4DC610FAE}.Debug|x86.Build.0 = Debug|Win32
		{CE94F5A2-37C1-41E4-9372-26E4DC610FAE}.Release|x64.ActiveCfg = Release|x64
		{CE94F5A2-37C1-41E4-9372-26E4DC610FAE}.Release|x64.Build.0 = Release|x64
		{CE94F5A2-37C1-41E4-9372-26E4DC610FAE}.Release|x86.ActiveCfg = Release|Win32
		{CE94F5A2-37C1-41E4-9372-26E4DC610FAE}.Release|x86.Build.0 = Release|Win32
	EndGlobalSection
	GlobalSection(SolutionProperties) = preSolution
		HideSolutionNode = FALSE
	EndGlobalSection
EndGlobal
