
Microsoft Visual Studio Solution File, Format Version 11.00
# Visual Studio 2010
Project("{8BC9CEB8-8B4A-11D0-8D11-00A0C91BC942}") = "zigzag", "zigzag.vcxproj", "{B9A75CE7-2AB7-4952-A0B4-49EB37504957}"
EndProject
Global
	GlobalSection(SolutionConfigurationPlatforms) = preSolution
		Debug|Win32 = Debug|Win32
		Release|Win32 = Release|Win32
	EndGlobalSection
	GlobalSection(ProjectConfigurationPlatforms) = postSolution
		{B9A75CE7-2AB7-4952-A0B4-49EB37504957}.Debug|Win32.ActiveCfg = Debug|Win32
		{B9A75CE7-2AB7-4952-A0B4-49EB37504957}.Debug|Win32.Build.0 = Debug|Win32
		{B9A75CE7-2AB7-4952-A0B4-49EB37504957}.Release|Win32.ActiveCfg = Release|Win32
		{B9A75CE7-2AB7-4952-A0B4-49EB37504957}.Release|Win32.Build.0 = Release|Win32
	EndGlobalSection
	GlobalSection(SolutionProperties) = preSolution
		HideSolutionNode = FALSE
	EndGlobalSection
EndGlobal
